
Microsoft Visual Studio Solution File, Format Version 12.00
# Visual Studio 15
VisualStudioVersion = 15.0.27703.2018
MinimumVisualStudioVersion = 10.0.40219.1
Project("{9A19103F-16F7-4668-BE54-9A1E7A4F7556}") = "Yo", "Yo\Yo.csproj", "{17ADE0FA-8794-4970-BC8C-AACA5E725DAD}"
EndProject
Global
	GlobalSection(SolutionConfigurationPlatforms) = preSolution
		Debug|Any CPU = Debug|Any CPU
		Release|Any CPU = Release|Any CPU
	EndGlobalSection
	GlobalSection(ProjectConfigurationPlatforms) = postSolution
		{17ADE0FA-8794-4970-BC8C-AACA5E725DAD}.Debug|Any CPU.ActiveCfg = Debug|Any CPU
		{17ADE0FA-8794-4970-BC8C-AACA5E725DAD}.Debug|Any CPU.Build.0 = Debug|Any CPU
		{17ADE0FA-8794-4970-BC8C-AACA5E725DAD}.Release|Any CPU.ActiveCfg = Release|Any CPU
		{17ADE0FA-8794-4970-BC8C-AACA5E725DAD}.Release|Any CPU.Build.0 = Release|Any CPU
	EndGlobalSection
	GlobalSection(SolutionProperties) = preSolution
		HideSolutionNode = FALSE
	EndGlobalSection
	GlobalSection(ExtensibilityGlobals) = postSolution
		SolutionGuid = {95C422B2-8BAD-47C9-8DE5-00A81A134C73}
	EndGlobalSection
EndGlobal
